// !$*UTF8*$!
{
	archiveVersion = 1;
	classes = {
	};
	objectVersion = 77;
	objects = {

/* Begin PBXBuildFile section */
		A00000000000000000000001 /* RelayWatchApp.swift in Sources */ = {isa = PBXBuildFile; fileRef = B00000000000000000000001 /* RelayWatchApp.swift */; };
		A00000000000000000000002 /* RelayProtocol.swift in Sources */ = {isa = PBXBuildFile; fileRef = B00000000000000000000002 /* RelayProtocol.swift */; };
		A00000000000000000000003 /* WatchIdentity.swift in Sources */ = {isa = PBXBuildFile; fileRef = B00000000000000000000003 /* WatchIdentity.swift */; };
		A00000000000000000000004 /* RelayAPIClient.swift in Sources */ = {isa = PBXBuildFile; fileRef = B00000000000000000000004 /* RelayAPIClient.swift */; };
		A00000000000000000000006 /* RelayWatchModel.swift in Sources */ = {isa = PBXBuildFile; fileRef = B00000000000000000000006 /* RelayWatchModel.swift */; };
		A00000000000000000000007 /* RelayWatchRootView.swift in Sources */ = {isa = PBXBuildFile; fileRef = B00000000000000000000007 /* RelayWatchRootView.swift */; };
		A0000000000000000000001C /* RelayWatchNavigation.swift in Sources */ = {isa = PBXBuildFile; fileRef = B0000000000000000000001D /* RelayWatchNavigation.swift */; };
		A0000000000000000000001D /* RelayWatchComponents.swift in Sources */ = {isa = PBXBuildFile; fileRef = B0000000000000000000001E /* RelayWatchComponents.swift */; };
		A00000000000000000000008 /* Assets.xcassets in Resources */ = {isa = PBXBuildFile; fileRef = B00000000000000000000008 /* Assets.xcassets */; };
		A00000000000000000000009 /* RelayEndpoint.swift in Sources */ = {isa = PBXBuildFile; fileRef = B0000000000000000000000A /* RelayEndpoint.swift */; };
		A0000000000000000000000A /* RelayEnvironment.swift in Sources */ = {isa = PBXBuildFile; fileRef = B0000000000000000000000B /* RelayEnvironment.swift */; };
		A0000000000000000000000B /* RelayWatchTypes.swift in Sources */ = {isa = PBXBuildFile; fileRef = B0000000000000000000000C /* RelayWatchTypes.swift */; };
		A0000000000000000000000C /* RelaySocket.swift in Sources */ = {isa = PBXBuildFile; fileRef = B0000000000000000000000D /* RelaySocket.swift */; };
		A0000000000000000000000D /* RelayReconnectPolicy.swift in Sources */ = {isa = PBXBuildFile; fileRef = B0000000000000000000000E /* RelayReconnectPolicy.swift */; };
		A0000000000000000000000E /* RelayPairingState.swift in Sources */ = {isa = PBXBuildFile; fileRef = B0000000000000000000000F /* RelayPairingState.swift */; };
		A0000000000000000000000F /* RelayWatchFeature.swift in Sources */ = {isa = PBXBuildFile; fileRef = B00000000000000000000010 /* RelayWatchFeature.swift */; };
		A00000000000000000000010 /* RelayWatchService.swift in Sources */ = {isa = PBXBuildFile; fileRef = B00000000000000000000011 /* RelayWatchService.swift */; };
		A0000000000000000000001A /* RelayPairingViews.swift in Sources */ = {isa = PBXBuildFile; fileRef = B0000000000000000000001B /* RelayPairingViews.swift */; };
		A0000000000000000000001B /* RelayWatchHomeView.swift in Sources */ = {isa = PBXBuildFile; fileRef = B0000000000000000000001C /* RelayWatchHomeView.swift */; };
		A00000000000000000000012 /* RelayApprovalView.swift in Sources */ = {isa = PBXBuildFile; fileRef = B00000000000000000000013 /* RelayApprovalView.swift */; };
		A00000000000000000000013 /* RelayQuestionView.swift in Sources */ = {isa = PBXBuildFile; fileRef = B00000000000000000000014 /* RelayQuestionView.swift */; };
		A00000000000000000000014 /* RelayTaskViews.swift in Sources */ = {isa = PBXBuildFile; fileRef = B00000000000000000000015 /* RelayTaskViews.swift */; };
		A00000000000000000000015 /* RelayComposeViews.swift in Sources */ = {isa = PBXBuildFile; fileRef = B00000000000000000000016 /* RelayComposeViews.swift */; };
		A00000000000000000000016 /* RelayVoiceLifecycle.swift in Sources */ = {isa = PBXBuildFile; fileRef = B00000000000000000000017 /* RelayVoiceLifecycle.swift */; };
		A00000000000000000000017 /* RelayAudioRecorder.swift in Sources */ = {isa = PBXBuildFile; fileRef = B00000000000000000000018 /* RelayAudioRecorder.swift */; };
		A00000000000000000000018 /* RelayVoiceView.swift in Sources */ = {isa = PBXBuildFile; fileRef = B00000000000000000000019 /* RelayVoiceView.swift */; };
		A00000000000000000000019 /* RelayWatchStyle.swift in Sources */ = {isa = PBXBuildFile; fileRef = B0000000000000000000001A /* RelayWatchStyle.swift */; };
/* End PBXBuildFile section */

/* Begin PBXFileReference section */
		B00000000000000000000001 /* RelayWatchApp.swift */ = {isa = PBXFileReference; lastKnownFileType = sourcecode.swift; path = RelayWatchApp.swift; sourceTree = "<group>"; };
		B00000000000000000000002 /* RelayProtocol.swift */ = {isa = PBXFileReference; lastKnownFileType = sourcecode.swift; path = RelayProtocol.swift; sourceTree = "<group>"; };
		B00000000000000000000003 /* WatchIdentity.swift */ = {isa = PBXFileReference; lastKnownFileType = sourcecode.swift; path = WatchIdentity.swift; sourceTree = "<group>"; };
		B00000000000000000000004 /* RelayAPIClient.swift */ = {isa = PBXFileReference; lastKnownFileType = sourcecode.swift; path = RelayAPIClient.swift; sourceTree = "<group>"; };
		B00000000000000000000006 /* RelayWatchModel.swift */ = {isa = PBXFileReference; lastKnownFileType = sourcecode.swift; path = RelayWatchModel.swift; sourceTree = "<group>"; };
		B00000000000000000000007 /* RelayWatchRootView.swift */ = {isa = PBXFileReference; lastKnownFileType = sourcecode.swift; path = RelayWatchRootView.swift; sourceTree = "<group>"; };
		B0000000000000000000001D /* RelayWatchNavigation.swift */ = {isa = PBXFileReference; lastKnownFileType = sourcecode.swift; path = RelayWatchNavigation.swift; sourceTree = "<group>"; };
		B0000000000000000000001E /* RelayWatchComponents.swift */ = {isa = PBXFileReference; lastKnownFileType = sourcecode.swift; path = RelayWatchComponents.swift; sourceTree = "<group>"; };
		B00000000000000000000008 /* Assets.xcassets */ = {isa = PBXFileReference; lastKnownFileType = folder.assetcatalog; path = Assets.xcassets; sourceTree = "<group>"; };
		B00000000000000000000009 /* RelayWatch.app */ = {isa = PBXFileReference; explicitFileType = wrapper.application; includeInIndex = 0; path = RelayWatch.app; sourceTree = BUILT_PRODUCTS_DIR; };
		B0000000000000000000000A /* RelayEndpoint.swift */ = {isa = PBXFileReference; lastKnownFileType = sourcecode.swift; path = RelayEndpoint.swift; sourceTree = "<group>"; };
		B0000000000000000000000B /* RelayEnvironment.swift */ = {isa = PBXFileReference; lastKnownFileType = sourcecode.swift; path = RelayEnvironment.swift; sourceTree = "<group>"; };
		B0000000000000000000000C /* RelayWatchTypes.swift */ = {isa = PBXFileReference; lastKnownFileType = sourcecode.swift; path = RelayWatchTypes.swift; sourceTree = "<group>"; };
		B0000000000000000000000D /* RelaySocket.swift */ = {isa = PBXFileReference; lastKnownFileType = sourcecode.swift; path = RelaySocket.swift; sourceTree = "<group>"; };
		B0000000000000000000000E /* RelayReconnectPolicy.swift */ = {isa = PBXFileReference; lastKnownFileType = sourcecode.swift; path = RelayReconnectPolicy.swift; sourceTree = "<group>"; };
		B0000000000000000000000F /* RelayPairingState.swift */ = {isa = PBXFileReference; lastKnownFileType = sourcecode.swift; path = RelayPairingState.swift; sourceTree = "<group>"; };
		B00000000000000000000010 /* RelayWatchFeature.swift */ = {isa = PBXFileReference; lastKnownFileType = sourcecode.swift; path = RelayWatchFeature.swift; sourceTree = "<group>"; };
		B00000000000000000000011 /* RelayWatchService.swift */ = {isa = PBXFileReference; lastKnownFileType = sourcecode.swift; path = RelayWatchService.swift; sourceTree = "<group>"; };
		B0000000000000000000001B /* RelayPairingViews.swift */ = {isa = PBXFileReference; lastKnownFileType = sourcecode.swift; path = RelayPairingViews.swift; sourceTree = "<group>"; };
		B0000000000000000000001C /* RelayWatchHomeView.swift */ = {isa = PBXFileReference; lastKnownFileType = sourcecode.swift; path = RelayWatchHomeView.swift; sourceTree = "<group>"; };
		B00000000000000000000013 /* RelayApprovalView.swift */ = {isa = PBXFileReference; lastKnownFileType = sourcecode.swift; path = RelayApprovalView.swift; sourceTree = "<group>"; };
		B00000000000000000000014 /* RelayQuestionView.swift */ = {isa = PBXFileReference; lastKnownFileType = sourcecode.swift; path = RelayQuestionView.swift; sourceTree = "<group>"; };
		B00000000000000000000015 /* RelayTaskViews.swift */ = {isa = PBXFileReference; lastKnownFileType = sourcecode.swift; path = RelayTaskViews.swift; sourceTree = "<group>"; };
		B00000000000000000000016 /* RelayComposeViews.swift */ = {isa = PBXFileReference; lastKnownFileType = sourcecode.swift; path = RelayComposeViews.swift; sourceTree = "<group>"; };
		B00000000000000000000017 /* RelayVoiceLifecycle.swift */ = {isa = PBXFileReference; lastKnownFileType = sourcecode.swift; path = RelayVoiceLifecycle.swift; sourceTree = "<group>"; };
		B00000000000000000000018 /* RelayAudioRecorder.swift */ = {isa = PBXFileReference; lastKnownFileType = sourcecode.swift; path = RelayAudioRecorder.swift; sourceTree = "<group>"; };
		B00000000000000000000019 /* RelayVoiceView.swift */ = {isa = PBXFileReference; lastKnownFileType = sourcecode.swift; path = RelayVoiceView.swift; sourceTree = "<group>"; };
		B0000000000000000000001A /* RelayWatchStyle.swift */ = {isa = PBXFileReference; lastKnownFileType = sourcecode.swift; path = RelayWatchStyle.swift; sourceTree = "<group>"; };
/* End PBXFileReference section */

/* Begin PBXFrameworksBuildPhase section */
		C00000000000000000000001 /* Frameworks */ = {
			isa = PBXFrameworksBuildPhase;
			buildActionMask = 2147483647;
			files = (
			);
			runOnlyForDeploymentPostprocessing = 0;
		};
/* End PBXFrameworksBuildPhase section */

/* Begin PBXGroup section */
		D00000000000000000000001 = {
			isa = PBXGroup;
			children = (
				D00000000000000000000002 /* RelayWatch */,
				D00000000000000000000003 /* Products */,
			);
			sourceTree = "<group>";
		};
		D00000000000000000000002 /* RelayWatch */ = {
			isa = PBXGroup;
			children = (
				B00000000000000000000001 /* RelayWatchApp.swift */,
				B00000000000000000000002 /* RelayProtocol.swift */,
				B00000000000000000000003 /* WatchIdentity.swift */,
				B00000000000000000000004 /* RelayAPIClient.swift */,
				B00000000000000000000006 /* RelayWatchModel.swift */,
				B00000000000000000000007 /* RelayWatchRootView.swift */,
				B0000000000000000000001D /* RelayWatchNavigation.swift */,
				B0000000000000000000001E /* RelayWatchComponents.swift */,
				B0000000000000000000000A /* RelayEndpoint.swift */,
				B0000000000000000000000B /* RelayEnvironment.swift */,
				B0000000000000000000000C /* RelayWatchTypes.swift */,
				B0000000000000000000000D /* RelaySocket.swift */,
				B0000000000000000000000E /* RelayReconnectPolicy.swift */,
				B0000000000000000000000F /* RelayPairingState.swift */,
				B00000000000000000000010 /* RelayWatchFeature.swift */,
				B00000000000000000000011 /* RelayWatchService.swift */,
				B0000000000000000000001B /* RelayPairingViews.swift */,
				B0000000000000000000001C /* RelayWatchHomeView.swift */,
				B00000000000000000000013 /* RelayApprovalView.swift */,
				B00000000000000000000014 /* RelayQuestionView.swift */,
				B00000000000000000000015 /* RelayTaskViews.swift */,
				B00000000000000000000016 /* RelayComposeViews.swift */,
				B00000000000000000000017 /* RelayVoiceLifecycle.swift */,
				B00000000000000000000018 /* RelayAudioRecorder.swift */,
				B00000000000000000000019 /* RelayVoiceView.swift */,
				B0000000000000000000001A /* RelayWatchStyle.swift */,
				B00000000000000000000008 /* Assets.xcassets */,
			);
			path = RelayWatch;
			sourceTree = "<group>";
		};
		D00000000000000000000003 /* Products */ = {
			isa = PBXGroup;
			children = (
				B00000000000000000000009 /* RelayWatch.app */,
			);
			name = Products;
			sourceTree = "<group>";
		};
/* End PBXGroup section */

/* Begin PBXNativeTarget section */
		E00000000000000000000001 /* RelayWatch */ = {
			isa = PBXNativeTarget;
			buildConfigurationList = F00000000000000000000002 /* Build configuration list for PBXNativeTarget "RelayWatch" */;
			buildPhases = (
				C00000000000000000000002 /* Sources */,
				C00000000000000000000001 /* Frameworks */,
				C00000000000000000000003 /* Resources */,
			);
			buildRules = (
			);
			dependencies = (
			);
			name = RelayWatch;
			packageProductDependencies = (
			);
			productName = RelayWatch;
			productReference = B00000000000000000000009 /* RelayWatch.app */;
			productType = "com.apple.product-type.application";
		};
/* End PBXNativeTarget section */

/* Begin PBXProject section */
		E00000000000000000000002 /* Project object */ = {
			isa = PBXProject;
			attributes = {
				BuildIndependentTargetsInParallel = 1;
				LastSwiftUpdateCheck = 2630;
				LastUpgradeCheck = 2630;
				TargetAttributes = {
					E00000000000000000000001 = {
						CreatedOnToolsVersion = 26.3;
					};
				};
			};
			buildConfigurationList = F00000000000000000000001 /* Build configuration list for PBXProject "RelayWatch" */;
			compatibilityVersion = "Xcode 16.0";
			developmentRegion = en;
			hasScannedForEncodings = 0;
			knownRegions = (
				en,
				Base,
			);
			mainGroup = D00000000000000000000001;
			minimizedProjectReferenceProxies = 1;
			preferredProjectObjectVersion = 77;
			productRefGroup = D00000000000000000000003 /* Products */;
			projectDirPath = "";
			projectRoot = "";
			targets = (
				E00000000000000000000001 /* RelayWatch */,
			);
		};
/* End PBXProject section */

/* Begin PBXResourcesBuildPhase section */
		C00000000000000000000003 /* Resources */ = {
			isa = PBXResourcesBuildPhase;
			buildActionMask = 2147483647;
			files = (
				A00000000000000000000008 /* Assets.xcassets in Resources */,
			);
			runOnlyForDeploymentPostprocessing = 0;
		};
/* End PBXResourcesBuildPhase section */

/* Begin PBXSourcesBuildPhase section */
		C00000000000000000000002 /* Sources */ = {
			isa = PBXSourcesBuildPhase;
			buildActionMask = 2147483647;
			files = (
				A00000000000000000000001 /* RelayWatchApp.swift in Sources */,
				A00000000000000000000002 /* RelayProtocol.swift in Sources */,
				A00000000000000000000003 /* WatchIdentity.swift in Sources */,
				A00000000000000000000004 /* RelayAPIClient.swift in Sources */,
				A00000000000000000000006 /* RelayWatchModel.swift in Sources */,
				A00000000000000000000007 /* RelayWatchRootView.swift in Sources */,
				A0000000000000000000001C /* RelayWatchNavigation.swift in Sources */,
				A0000000000000000000001D /* RelayWatchComponents.swift in Sources */,
				A00000000000000000000009 /* RelayEndpoint.swift in Sources */,
				A0000000000000000000000A /* RelayEnvironment.swift in Sources */,
				A0000000000000000000000B /* RelayWatchTypes.swift in Sources */,
				A0000000000000000000000C /* RelaySocket.swift in Sources */,
				A0000000000000000000000D /* RelayReconnectPolicy.swift in Sources */,
				A0000000000000000000000E /* RelayPairingState.swift in Sources */,
				A0000000000000000000000F /* RelayWatchFeature.swift in Sources */,
				A00000000000000000000010 /* RelayWatchService.swift in Sources */,
				A0000000000000000000001A /* RelayPairingViews.swift in Sources */,
				A0000000000000000000001B /* RelayWatchHomeView.swift in Sources */,
				A00000000000000000000012 /* RelayApprovalView.swift in Sources */,
				A00000000000000000000013 /* RelayQuestionView.swift in Sources */,
				A00000000000000000000014 /* RelayTaskViews.swift in Sources */,
				A00000000000000000000015 /* RelayComposeViews.swift in Sources */,
				A00000000000000000000016 /* RelayVoiceLifecycle.swift in Sources */,
				A00000000000000000000017 /* RelayAudioRecorder.swift in Sources */,
				A00000000000000000000018 /* RelayVoiceView.swift in Sources */,
				A00000000000000000000019 /* RelayWatchStyle.swift in Sources */,
			);
			runOnlyForDeploymentPostprocessing = 0;
		};
/* End PBXSourcesBuildPhase section */

/* Begin XCBuildConfiguration section */
		110000000000000000000001 /* Debug */ = {
			isa = XCBuildConfiguration;
			buildSettings = {
				CLANG_ENABLE_MODULES = YES;
				CLANG_ENABLE_OBJC_ARC = YES;
				ENABLE_STRICT_OBJC_MSGSEND = YES;
				SWIFT_VERSION = 6.0;
			};
			name = Debug;
		};
		110000000000000000000002 /* Release */ = {
			isa = XCBuildConfiguration;
			buildSettings = {
				CLANG_ENABLE_MODULES = YES;
				CLANG_ENABLE_OBJC_ARC = YES;
				ENABLE_STRICT_OBJC_MSGSEND = YES;
				SWIFT_COMPILATION_MODE = wholemodule;
				SWIFT_VERSION = 6.0;
			};
			name = Release;
		};
		110000000000000000000003 /* Debug */ = {
			isa = XCBuildConfiguration;
			buildSettings = {
				ASSETCATALOG_COMPILER_APPICON_NAME = AppIcon;
				ASSETCATALOG_COMPILER_GLOBAL_ACCENT_COLOR_NAME = AccentColor;
				CODE_SIGN_STYLE = Automatic;
				CURRENT_PROJECT_VERSION = 1;
				ENABLE_PREVIEWS = YES;
				GENERATE_INFOPLIST_FILE = YES;
				INFOPLIST_KEY_CFBundleDisplayName = Relay;
				INFOPLIST_KEY_NSMicrophoneUsageDescription = "Relay records only after you tap Start and sends encrypted temporary audio to your Mac for transcription and review.";
				INFOPLIST_KEY_UISupportedInterfaceOrientations = "UIInterfaceOrientationPortrait UIInterfaceOrientationPortraitUpsideDown";
				INFOPLIST_KEY_WKWatchOnly = YES;
				LD_RUNPATH_SEARCH_PATHS = "$(inherited) @executable_path/Frameworks";
				MARKETING_VERSION = 0.2.0;
				PRODUCT_BUNDLE_IDENTIFIER = com.relayforcodex.watch;
				PRODUCT_NAME = "$(TARGET_NAME)";
				SDKROOT = watchos;
				SKIP_INSTALL = YES;
				SUPPORTED_PLATFORMS = "watchos watchsimulator";
				SWIFT_EMIT_LOC_STRINGS = YES;
				SWIFT_STRICT_CONCURRENCY = complete;
				SWIFT_VERSION = 6.0;
				TARGETED_DEVICE_FAMILY = 4;
				WATCHOS_DEPLOYMENT_TARGET = 10.0;
			};
			name = Debug;
		};
		110000000000000000000004 /* Release */ = {
			isa = XCBuildConfiguration;
			buildSettings = {
				ASSETCATALOG_COMPILER_APPICON_NAME = AppIcon;
				ASSETCATALOG_COMPILER_GLOBAL_ACCENT_COLOR_NAME = AccentColor;
				CODE_SIGN_STYLE = Automatic;
				CURRENT_PROJECT_VERSION = 1;
				ENABLE_PREVIEWS = YES;
				GENERATE_INFOPLIST_FILE = YES;
				INFOPLIST_KEY_CFBundleDisplayName = Relay;
				INFOPLIST_KEY_NSMicrophoneUsageDescription = "Relay records only after you tap Start and sends encrypted temporary audio to your Mac for transcription and review.";
				INFOPLIST_KEY_UISupportedInterfaceOrientations = "UIInterfaceOrientationPortrait UIInterfaceOrientationPortraitUpsideDown";
				INFOPLIST_KEY_WKWatchOnly = YES;
				LD_RUNPATH_SEARCH_PATHS = "$(inherited) @executable_path/Frameworks";
				MARKETING_VERSION = 0.2.0;
				PRODUCT_BUNDLE_IDENTIFIER = com.relayforcodex.watch;
				PRODUCT_NAME = "$(TARGET_NAME)";
				SDKROOT = watchos;
				SKIP_INSTALL = YES;
				SUPPORTED_PLATFORMS = "watchos watchsimulator";
				SWIFT_EMIT_LOC_STRINGS = YES;
				SWIFT_STRICT_CONCURRENCY = complete;
				SWIFT_VERSION = 6.0;
				TARGETED_DEVICE_FAMILY = 4;
				WATCHOS_DEPLOYMENT_TARGET = 10.0;
			};
			name = Release;
		};
/* End XCBuildConfiguration section */

/* Begin XCConfigurationList section */
		F00000000000000000000001 /* Build configuration list for PBXProject "RelayWatch" */ = {
			isa = XCConfigurationList;
			buildConfigurations = (
				110000000000000000000001 /* Debug */,
				110000000000000000000002 /* Release */,
			);
			defaultConfigurationIsVisible = 0;
			defaultConfigurationName = Release;
		};
		F00000000000000000000002 /* Build configuration list for PBXNativeTarget "RelayWatch" */ = {
			isa = XCConfigurationList;
			buildConfigurations = (
				110000000000000000000003 /* Debug */,
				110000000000000000000004 /* Release */,
			);
			defaultConfigurationIsVisible = 0;
			defaultConfigurationName = Release;
		};
/* End XCConfigurationList section */
	};
	rootObject = E00000000000000000000002 /* Project object */;
}
